
Microsoft Visual Studio Solution File, Format Version 11.00
# Visual Studio 2010
Project("{FAE04EC0-301F-11D3-BF4B-00C04F79EFBC}") = "PortalBlade.Data", "src\PortalBlade.Data\PortalBlade.Data.csproj", "{688A0978-FB97-42EE-898F-6998E5157620}"
EndProject
Project("{FAE04EC0-301F-11D3-BF4B-00C04F79EFBC}") = "PortalBlade.Data.Tests", "test\PortalBlade.Data.Tests\PortalBlade.Data.Tests.csproj", "{6228F300-3083-4484-ADAB-946589E5933D}"
EndProject
Global
	GlobalSection(SolutionConfigurationPlatforms) = preSolution
		Debug|Any CPU = Debug|Any CPU
		Release|Any CPU = Release|Any CPU
	EndGlobalSection
	GlobalSection(ProjectConfigurationPlatforms) = postSolution
		{688A0978-FB97-42EE-898F-6998E5157620}.Debug|Any CPU.ActiveCfg = Debug|Any CPU
		{688A0978-FB97-42EE-898F-6998E5157620}.Debug|Any CPU.Build.0 = Debug|Any CPU
		{688A0978-FB97-42EE-898F-6998E5157620}.Release|Any CPU.ActiveCfg = Release|Any CPU
		{688A0978-FB97-42EE-898F-6998E5157620}.Release|Any CPU.Build.0 = Release|Any CPU
		{6228F300-3083-4484-ADAB-946589E5933D}.Debug|Any CPU.ActiveCfg = Debug|Any CPU
		{6228F300-3083-4484-ADAB-946589E5933D}.Debug|Any CPU.Build.0 = Debug|Any CPU
		{6228F300-3083-4484-ADAB-946589E5933D}.Release|Any CPU.ActiveCfg = Release|Any CPU
		{6228F300-3083-4484-ADAB-946589E5933D}.Release|Any CPU.Build.0 = Release|Any CPU
	EndGlobalSection
	GlobalSection(SolutionProperties) = preSolution
		HideSolutionNode = FALSE
	EndGlobalSection
EndGlobal
